
Microsoft Visual Studio Solution File, Format Version 12.00
# Visual Studio 2012
Project("{FAE04EC0-301F-11D3-BF4B-00C04F79EFBC}") = "YJ.CMS.Model", "YJ.CMS.Model\YJ.CMS.Model.csproj", "{AF67F424-382F-4CBB-9103-012ABCF68052}"
EndProject
Project("{FAE04EC0-301F-11D3-BF4B-00C04F79EFBC}") = "YJ.CMS.BLL", "YJ.CMS.BLL\YJ.CMS.BLL.csproj", "{5F0B76BC-C813-4C79-B5CA-32368BCB8641}"
EndProject
Project("{FAE04EC0-301F-11D3-BF4B-00C04F79EFBC}") = "YJ.CMS.Common", "YJ.CMS.Common\YJ.CMS.Common.csproj", "{60F2FDA8-381F-426C-BF9A-B146A94D9EA9}"
EndProject
Project("{FAE04EC0-301F-11D3-BF4B-00C04F79EFBC}") = "YJ.CMS.IDAL", "YJ.CMS.IDAL\YJ.CMS.IDAL.csproj", "{72FFC2F5-6FD9-4B72-ABF5-E522D6398162}"
EndProject
Project("{FAE04EC0-301F-11D3-BF4B-00C04F79EFBC}") = "YJ.CMS.IBLL", "YJ.CMS.IBLL\YJ.CMS.IBLL.csproj", "{7243D6B9-D3D7-48D8-A5F6-8E42E5C4DCFF}"
EndProject
Project("{FAE04EC0-301F-11D3-BF4B-00C04F79EFBC}") = "YJ.CMS.WebUI", "YJ.CMS.WebUI\YJ.CMS.WebUI.csproj", "{7E4CEE5C-9147-4F84-9E86-D2E54F727C48}"
EndProject
Project("{FAE04EC0-301F-11D3-BF4B-00C04F79EFBC}") = "YJ.CMS.EFDAL", "YJ.CMS.EFDAL\YJ.CMS.EFDAL.csproj", "{871D71F9-7C28-421F-9CF5-9F15F17A9BDF}"
EndProject
Project("{FAE04EC0-301F-11D3-BF4B-00C04F79EFBC}") = "YJ.CMS.Factory", "YJ.CMS.Factory\YJ.CMS.Factory.csproj", "{8681B059-1829-49B9-9FC6-9212F5501D2E}"
EndProject
Project("{2150E333-8FDC-42A3-9474-1A3956D46DE8}") = "Model", "Model", "{698B2134-A838-4CE4-AD83-249CDAA63108}"
EndProject
Project("{2150E333-8FDC-42A3-9474-1A3956D46DE8}") = "DAL", "DAL", "{CB330386-92C8-4CA6-9959-ED3948AE3B83}"
EndProject
Project("{2150E333-8FDC-42A3-9474-1A3956D46DE8}") = "BLL", "BLL", "{24878FC4-996D-425D-91D3-3A33426B7E63}"
EndProject
Project("{2150E333-8FDC-42A3-9474-1A3956D46DE8}") = "Common", "Common", "{AB056FE7-AA0D-4D43-B630-BB59054AD7EF}"
EndProject
Project("{2150E333-8FDC-42A3-9474-1A3956D46DE8}") = "UI", "UI", "{0BE76BF8-6DDC-4752-8845-D5DE2FDB8D61}"
EndProject
Project("{FAE04EC0-301F-11D3-BF4B-00C04F79EFBC}") = "YJ.CMS.MySqlDAL", "YJ.CMS.MySqlDAL\YJ.CMS.MySqlDAL.csproj", "{AEA75455-75D6-4170-B846-13F8345BF64C}"
EndProject
Project("{FAE04EC0-301F-11D3-BF4B-00C04F79EFBC}") = "YJ.CMS.EntityMap", "YJ.CMS.EntityMap\YJ.CMS.EntityMap.csproj", "{6578BAEF-C285-46F9-96A3-C508805BC78E}"
EndProject
Project("{2150E333-8FDC-42A3-9474-1A3956D46DE8}") = "UML", "UML", "{6B09B082-5CD7-4C10-9065-FEB28A5F73AB}"
EndProject
Project("{F088123C-0E9E-452A-89E6-6BA2F21D5CAC}") = "YJ.CMS.UML", "YJ.CMS.UML\YJ.CMS.UML.modelproj", "{DB03353F-B321-48E3-AFFA-F2FF65C54E79}"
EndProject
Global
	GlobalSection(SolutionConfigurationPlatforms) = preSolution
		Debug|Any CPU = Debug|Any CPU
		Release|Any CPU = Release|Any CPU
	EndGlobalSection
	GlobalSection(ProjectConfigurationPlatforms) = postSolution
		{AF67F424-382F-4CBB-9103-012ABCF68052}.Debug|Any CPU.ActiveCfg = Debug|Any CPU
		{AF67F424-382F-4CBB-9103-012ABCF68052}.Debug|Any CPU.Build.0 = Debug|Any CPU
		{AF67F424-382F-4CBB-9103-012ABCF68052}.Release|Any CPU.ActiveCfg = Release|Any CPU
		{AF67F424-382F-4CBB-9103-012ABCF68052}.Release|Any CPU.Build.0 = Release|Any CPU
		{5F0B76BC-C813-4C79-B5CA-32368BCB8641}.Debug|Any CPU.ActiveCfg = Debug|Any CPU
		{5F0B76BC-C813-4C79-B5CA-32368BCB8641}.Debug|Any CPU.Build.0 = Debug|Any CPU
		{5F0B76BC-C813-4C79-B5CA-32368BCB8641}.Release|Any CPU.ActiveCfg = Release|Any CPU
		{5F0B76BC-C813-4C79-B5CA-32368BCB8641}.Release|Any CPU.Build.0 = Release|Any CPU
		{60F2FDA8-381F-426C-BF9A-B146A94D9EA9}.Debug|Any CPU.ActiveCfg = Debug|Any CPU
		{60F2FDA8-381F-426C-BF9A-B146A94D9EA9}.Debug|Any CPU.Build.0 = Debug|Any CPU
		{60F2FDA8-381F-426C-BF9A-B146A94D9EA9}.Release|Any CPU.ActiveCfg = Release|Any CPU
		{60F2FDA8-381F-426C-BF9A-B146A94D9EA9}.Release|Any CPU.Build.0 = Release|Any CPU
		{72FFC2F5-6FD9-4B72-ABF5-E522D6398162}.Debug|Any CPU.ActiveCfg = Debug|Any CPU
		{72FFC2F5-6FD9-4B72-ABF5-E522D6398162}.Debug|Any CPU.Build.0 = Debug|Any CPU
		{72FFC2F5-6FD9-4B72-ABF5-E522D6398162}.Release|Any CPU.ActiveCfg = Release|Any CPU
		{72FFC2F5-6FD9-4B72-ABF5-E522D6398162}.Release|Any CPU.Build.0 = Release|Any CPU
		{7243D6B9-D3D7-48D8-A5F6-8E42E5C4DCFF}.Debug|Any CPU.ActiveCfg = Debug|Any CPU
		{7243D6B9-D3D7-48D8-A5F6-8E42E5C4DCFF}.Debug|Any CPU.Build.0 = Debug|Any CPU
		{7243D6B9-D3D7-48D8-A5F6-8E42E5C4DCFF}.Release|Any CPU.ActiveCfg = Release|Any CPU
		{7243D6B9-D3D7-48D8-A5F6-8E42E5C4DCFF}.Release|Any CPU.Build.0 = Release|Any CPU
		{7E4CEE5C-9147-4F84-9E86-D2E54F727C48}.Debug|Any CPU.ActiveCfg = Debug|Any CPU
		{7E4CEE5C-9147-4F84-9E86-D2E54F727C48}.Debug|Any CPU.Build.0 = Debug|Any CPU
		{7E4CEE5C-9147-4F84-9E86-D2E54F727C48}.Release|Any CPU.ActiveCfg = Release|Any CPU
		{7E4CEE5C-9147-4F84-9E86-D2E54F727C48}.Release|Any CPU.Build.0 = Release|Any CPU
		{871D71F9-7C28-421F-9CF5-9F15F17A9BDF}.Debug|Any CPU.ActiveCfg = Debug|Any CPU
		{871D71F9-7C28-421F-9CF5-9F15F17A9BDF}.Debug|Any CPU.Build.0 = Debug|Any CPU
		{871D71F9-7C28-421F-9CF5-9F15F17A9BDF}.Release|Any CPU.ActiveCfg = Release|Any CPU
		{871D71F9-7C28-421F-9CF5-9F15F17A9BDF}.Release|Any CPU.Build.0 = Release|Any CPU
		{8681B059-1829-49B9-9FC6-9212F5501D2E}.Debug|Any CPU.ActiveCfg = Debug|Any CPU
		{8681B059-1829-49B9-9FC6-9212F5501D2E}.Debug|Any CPU.Build.0 = Debug|Any CPU
		{8681B059-1829-49B9-9FC6-9212F5501D2E}.Release|Any CPU.ActiveCfg = Release|Any CPU
		{8681B059-1829-49B9-9FC6-9212F5501D2E}.Release|Any CPU.Build.0 = Release|Any CPU
		{AEA75455-75D6-4170-B846-13F8345BF64C}.Debug|Any CPU.ActiveCfg = Debug|Any CPU
		{AEA75455-75D6-4170-B846-13F8345BF64C}.Debug|Any CPU.Build.0 = Debug|Any CPU
		{AEA75455-75D6-4170-B846-13F8345BF64C}.Release|Any CPU.ActiveCfg = Release|Any CPU
		{AEA75455-75D6-4170-B846-13F8345BF64C}.Release|Any CPU.Build.0 = Release|Any CPU
		{6578BAEF-C285-46F9-96A3-C508805BC78E}.Debug|Any CPU.ActiveCfg = Debug|Any CPU
		{6578BAEF-C285-46F9-96A3-C508805BC78E}.Debug|Any CPU.Build.0 = Debug|Any CPU
		{6578BAEF-C285-46F9-96A3-C508805BC78E}.Release|Any CPU.ActiveCfg = Release|Any CPU
		{6578BAEF-C285-46F9-96A3-C508805BC78E}.Release|Any CPU.Build.0 = Release|Any CPU
		{DB03353F-B321-48E3-AFFA-F2FF65C54E79}.Debug|Any CPU.ActiveCfg = Debug|Any CPU
		{DB03353F-B321-48E3-AFFA-F2FF65C54E79}.Debug|Any CPU.Build.0 = Debug|Any CPU
		{DB03353F-B321-48E3-AFFA-F2FF65C54E79}.Release|Any CPU.ActiveCfg = Release|Any CPU
		{DB03353F-B321-48E3-AFFA-F2FF65C54E79}.Release|Any CPU.Build.0 = Release|Any CPU
	EndGlobalSection
	GlobalSection(SolutionProperties) = preSolution
		HideSolutionNode = FALSE
	EndGlobalSection
	GlobalSection(NestedProjects) = preSolution
		{AF67F424-382F-4CBB-9103-012ABCF68052} = {698B2134-A838-4CE4-AD83-249CDAA63108}
		{7243D6B9-D3D7-48D8-A5F6-8E42E5C4DCFF} = {24878FC4-996D-425D-91D3-3A33426B7E63}
		{5F0B76BC-C813-4C79-B5CA-32368BCB8641} = {24878FC4-996D-425D-91D3-3A33426B7E63}
		{60F2FDA8-381F-426C-BF9A-B146A94D9EA9} = {AB056FE7-AA0D-4D43-B630-BB59054AD7EF}
		{6578BAEF-C285-46F9-96A3-C508805BC78E} = {AB056FE7-AA0D-4D43-B630-BB59054AD7EF}
		{871D71F9-7C28-421F-9CF5-9F15F17A9BDF} = {CB330386-92C8-4CA6-9959-ED3948AE3B83}
		{8681B059-1829-49B9-9FC6-9212F5501D2E} = {CB330386-92C8-4CA6-9959-ED3948AE3B83}
		{72FFC2F5-6FD9-4B72-ABF5-E522D6398162} = {CB330386-92C8-4CA6-9959-ED3948AE3B83}
		{AEA75455-75D6-4170-B846-13F8345BF64C} = {CB330386-92C8-4CA6-9959-ED3948AE3B83}
		{7E4CEE5C-9147-4F84-9E86-D2E54F727C48} = {0BE76BF8-6DDC-4752-8845-D5DE2FDB8D61}
		{DB03353F-B321-48E3-AFFA-F2FF65C54E79} = {6B09B082-5CD7-4C10-9065-FEB28A5F73AB}
	EndGlobalSection
EndGlobal
